
Microsoft Visual Studio Solution File, Format Version 12.00
# Visual Studio Version 17
VisualStudioVersion = 17.4.33213.308
MinimumVisualStudioVersion = 10.0.40219.1
Project("{9A19103F-16F7-4668-BE54-9A1E7A4F7556}") = "Palindrome", "Palindrome\Palindrome.csproj", "{CE5BBC35-307B-43B8-BC85-EDAC6C8FFFB0}"
EndProject
Project("{FAE04EC0-301F-11D3-BF4B-00C04F79EFBC}") = "SwapiAPI", "SwapiAPI\SwapiAPI.csproj", "{1AE8EE99-A19C-46EE-9D86-AA14177BC9C2}"
EndProject
Global
	GlobalSection(SolutionConfigurationPlatforms) = preSolution
		Debug|Any CPU = Debug|Any CPU
		Release|Any CPU = Release|Any CPU
	EndGlobalSection
	GlobalSection(ProjectConfigurationPlatforms) = postSolution
		{CE5BBC35-307B-43B8-BC85-EDAC6C8FFFB0}.Debug|Any CPU.ActiveCfg = Debug|Any CPU
		{CE5BBC35-307B-43B8-BC85-EDAC6C8FFFB0}.Debug|Any CPU.Build.0 = Debug|Any CPU
		{CE5BBC35-307B-43B8-BC85-EDAC6C8FFFB0}.Release|Any CPU.ActiveCfg = Release|Any CPU
		{CE5BBC35-307B-43B8-BC85-EDAC6C8FFFB0}.Release|Any CPU.Build.0 = Release|Any CPU
		{1AE8EE99-A19C-46EE-9D86-AA14177BC9C2}.Debug|Any CPU.ActiveCfg = Debug|Any CPU
		{1AE8EE99-A19C-46EE-9D86-AA14177BC9C2}.Debug|Any CPU.Build.0 = Debug|Any CPU
		{1AE8EE99-A19C-46EE-9D86-AA14177BC9C2}.Release|Any CPU.ActiveCfg = Release|Any CPU
		{1AE8EE99-A19C-46EE-9D86-AA14177BC9C2}.Release|Any CPU.Build.0 = Release|Any CPU
	EndGlobalSection
	GlobalSection(SolutionProperties) = preSolution
		HideSolutionNode = FALSE
	EndGlobalSection
	GlobalSection(ExtensibilityGlobals) = postSolution
		SolutionGuid = {2BB47FA2-E1EE-4D54-ACF9-EDABFA842B29}
	EndGlobalSection
EndGlobal
